// !$*UTF8*$!
{
	archiveVersion = 1;
	classes = {
	};
	objectVersion = 46;
	objects = {

/* Begin PBXBuildFile section */
		8415A0C01B17E31800DE47F1 /* main.m in Sources */ = {isa = PBXBuildFile; fileRef = 8415A0BF1B17E31800DE47F1 /* main.m */; };
		8415A0C31B17E31800DE47F1 /* AppDelegate.m in Sources */ = {isa = PBXBuildFile; fileRef = 8415A0C21B17E31800DE47F1 /* AppDelegate.m */; };
		8415A0C61B17E31800DE47F1 /* ViewController.m in Sources */ = {isa = PBXBuildFile; fileRef = 8415A0C51B17E31800DE47F1 /* ViewController.m */; };
		8415A0C91B17E31800DE47F1 /* Main.storyboard in Resources */ = {isa = PBXBuildFile; fileRef = 8415A0C71B17E31800DE47F1 /* Main.storyboard */; };
		8415A0CB1B17E31800DE47F1 /* Images.xcassets in Resources */ = {isa = PBXBuildFile; fileRef = 8415A0CA1B17E31800DE47F1 /* Images.xcassets */; };
		8415A0CE1B17E31800DE47F1 /* LaunchScreen.xib in Resources */ = {isa = PBXBuildFile; fileRef = 8415A0CC1B17E31800DE47F1 /* LaunchScreen.xib */; };
		8415A0DA1B17E31800DE47F1 /* Tutorial_24Tests.m in Sources */ = {isa = PBXBuildFile; fileRef = 8415A0D91B17E31800DE47F1 /* Tutorial_24Tests.m */; };
/* End PBXBuildFile section */

/* Begin PBXContainerItemProxy section */
		8415A0D41B17E31800DE47F1 /* PBXContainerItemProxy */ = {
			isa = PBXContainerItemProxy;
			containerPortal = 8415A0B21B17E31800DE47F1 /* Project object */;
			proxyType = 1;
			remoteGlobalIDString = 8415A0B91B17E31800DE47F1;
			remoteInfo = Tutorial_24;
		};
/* End PBXContainerItemProxy section */

/* Begin PBXFileReference section */
		8415A0BA1B17E31800DE47F1 /* Tutorial_24.app */ = {isa = PBXFileReference; explicitFileType = wrapper.application; includeInIndex = 0; path = Tutorial_24.app; sourceTree = BUILT_PRODUCTS_DIR; };
		8415A0BE1B17E31800DE47F1 /* Info.plist */ = {isa = PBXFileReference; lastKnownFileType = text.plist.xml; path = Info.plist; sourceTree = "<group>"; };
		8415A0BF1B17E31800DE47F1 /* main.m */ = {isa = PBXFileReference; lastKnownFileType = sourcecode.c.objc; path = main.m; sourceTree = "<group>"; };
		8415A0C11B17E31800DE47F1 /* AppDelegate.h */ = {isa = PBXFileReference; lastKnownFileType = sourcecode.c.h; path = AppDelegate.h; sourceTree = "<group>"; };
		8415A0C21B17E31800DE47F1 /* AppDelegate.m */ = {isa = PBXFileReference; lastKnownFileType = sourcecode.c.objc; path = AppDelegate.m; sourceTree = "<group>"; };
		8415A0C41B17E31800DE47F1 /* ViewController.h */ = {isa = PBXFileReference; lastKnownFileType = sourcecode.c.h; path = ViewController.h; sourceTree = "<group>"; };
		8415A0C51B17E31800DE47F1 /* ViewController.m */ = {isa = PBXFileReference; lastKnownFileType = sourcecode.c.objc; path = ViewController.m; sourceTree = "<group>"; };
		8415A0C81B17E31800DE47F1 /* Base */ = {isa = PBXFileReference; lastKnownFileType = file.storyboard; name = Base; path = Base.lproj/Main.storyboard; sourceTree = "<group>"; };
		8415A0CA1B17E31800DE47F1 /* Images.xcassets */ = {isa = PBXFileReference; lastKnownFileType = folder.assetcatalog; path = Images.xcassets; sourceTree = "<group>"; };
		8415A0CD1B17E31800DE47F1 /* Base */ = {isa = PBXFileReference; lastKnownFileType = file.xib; name = Base; path = Base.lproj/LaunchScreen.xib; sourceTree = "<group>"; };
		8415A0D31B17E31800DE47F1 /* Tutorial_24Tests.xctest */ = {isa = PBXFileReference; explicitFileType = wrapper.cfbundle; includeInIndex = 0; path = Tutorial_24Tests.xctest; sourceTree = BUILT_PRODUCTS_DIR; };
		8415A0D81B17E31800DE47F1 /* Info.plist */ = {isa = PBXFileReference; lastKnownFileType = text.plist.xml; path = Info.plist; sourceTree = "<group>"; };
		8415A0D91B17E31800DE47F1 /* Tutorial_24Tests.m */ = {isa = PBXFileReference; lastKnownFileType = sourcecode.c.objc; path = Tutorial_24Tests.m; sourceTree = "<group>"; };
/* End PBXFileReference section */

/* Begin PBXFrameworksBuildPhase section */
		8415A0B71B17E31800DE47F1 /* Frameworks */ = {
			isa = PBXFrameworksBuildPhase;
			buildActionMask = 2147483647;
			files = (
			);
			runOnlyForDeploymentPostprocessing = 0;
		};
		8415A0D01B17E31800DE47F1 /* Frameworks */ = {
			isa = PBXFrameworksBuildPhase;
			buildActionMask = 2147483647;
			files = (
			);
			runOnlyForDeploymentPostprocessing = 0;
		};
/* End PBXFrameworksBuildPhase section */

/* Begin PBXGroup section */
		8415A0B11B17E31800DE47F1 = {
			isa = PBXGroup;
			children = (
				8415A0BC1B17E31800DE47F1 /* Tutorial_24 */,
				8415A0D61B17E31800DE47F1 /* Tutorial_24Tests */,
				8415A0BB1B17E31800DE47F1 /* Products */,
			);
			sourceTree = "<group>";
		};
		8415A0BB1B17E31800DE47F1 /* Products */ = {
			isa = PBXGroup;
			children = (
				8415A0BA1B17E31800DE47F1 /* Tutorial_24.app */,
				8415A0D31B17E31800DE47F1 /* Tutorial_24Tests.xctest */,
			);
			name = Products;
			sourceTree = "<group>";
		};
		8415A0BC1B17E31800DE47F1 /* Tutorial_24 */ = {
			isa = PBXGroup;
			children = (
				8415A0C11B17E31800DE47F1 /* AppDelegate.h */,
				8415A0C21B17E31800DE47F1 /* AppDelegate.m */,
				8415A0C41B17E31800DE47F1 /* ViewController.h */,
				8415A0C51B17E31800DE47F1 /* ViewController.m */,
				8415A0C71B17E31800DE47F1 /* Main.storyboard */,
				8415A0CA1B17E31800DE47F1 /* Images.xcassets */,
				8415A0CC1B17E31800DE47F1 /* LaunchScreen.xib */,
				8415A0BD1B17E31800DE47F1 /* Supporting Files */,
			);
			path = Tutorial_24;
			sourceTree = "<group>";
		};
		8415A0BD1B17E31800DE47F1 /* Supporting Files */ = {
			isa = PBXGroup;
			children = (
				8415A0BE1B17E31800DE47F1 /* Info.plist */,
				8415A0BF1B17E31800DE47F1 /* main.m */,
			);
			name = "Supporting Files";
			sourceTree = "<group>";
		};
		8415A0D61B17E31800DE47F1 /* Tutorial_24Tests */ = {
			isa = PBXGroup;
			children = (
				8415A0D91B17E31800DE47F1 /* Tutorial_24Tests.m */,
				8415A0D71B17E31800DE47F1 /* Supporting Files */,
			);
			path = Tutorial_24Tests;
			sourceTree = "<group>";
		};
		8415A0D71B17E31800DE47F1 /* Supporting Files */ = {
			isa = PBXGroup;
			children = (
				8415A0D81B17E31800DE47F1 /* Info.plist */,
			);
			name = "Supporting Files";
			sourceTree = "<group>";
		};
/* End PBXGroup section */

/* Begin PBXNativeTarget section */
		8415A0B91B17E31800DE47F1 /* Tutorial_24 */ = {
			isa = PBXNativeTarget;
			buildConfigurationList = 8415A0DD1B17E31800DE47F1 /* Build configuration list for PBXNativeTarget "Tutorial_24" */;
			buildPhases = (
				8415A0B61B17E31800DE47F1 /* Sources */,
				8415A0B71B17E31800DE47F1 /* Frameworks */,
				8415A0B81B17E31800DE47F1 /* Resources */,
			);
			buildRules = (
			);
			dependencies = (
			);
			name = Tutorial_24;
			productName = Tutorial_24;
			productReference = 8415A0BA1B17E31800DE47F1 /* Tutorial_24.app */;
			productType = "com.apple.product-type.application";
		};
		8415A0D21B17E31800DE47F1 /* Tutorial_24Tests */ = {
			isa = PBXNativeTarget;
			buildConfigurationList = 8415A0E01B17E31800DE47F1 /* Build configuration list for PBXNativeTarget "Tutorial_24Tests" */;
			buildPhases = (
				8415A0CF1B17E31800DE47F1 /* Sources */,
				8415A0D01B17E31800DE47F1 /* Frameworks */,
				8415A0D11B17E31800DE47F1 /* Resources */,
			);
			buildRules = (
			);
			dependencies = (
				8415A0D51B17E31800DE47F1 /* PBXTargetDependency */,
			);
			name = Tutorial_24Tests;
			productName = Tutorial_24Tests;
			productReference = 8415A0D31B17E31800DE47F1 /* Tutorial_24Tests.xctest */;
			productType = "com.apple.product-type.bundle.unit-test";
		};
/* End PBXNativeTarget section */

/* Begin PBXProject section */
		8415A0B21B17E31800DE47F1 /* Project object */ = {
			isa = PBXProject;
			attributes = {
				LastUpgradeCheck = 0630;
				ORGANIZATIONNAME = Admin;
				TargetAttributes = {
					8415A0B91B17E31800DE47F1 = {
						CreatedOnToolsVersion = 6.3.1;
					};
					8415A0D21B17E31800DE47F1 = {
						CreatedOnToolsVersion = 6.3.1;
						TestTargetID = 8415A0B91B17E31800DE47F1;
					};
				};
			};
			buildConfigurationList = 8415A0B51B17E31800DE47F1 /* Build configuration list for PBXProject "Tutorial_24" */;
			compatibilityVersion = "Xcode 3.2";
			developmentRegion = English;
			hasScannedForEncodings = 0;
			knownRegions = (
				en,
				Base,
			);
			mainGroup = 8415A0B11B17E31800DE47F1;
			productRefGroup = 8415A0BB1B17E31800DE47F1 /* Products */;
			projectDirPath = "";
			projectRoot = "";
			targets = (
				8415A0B91B17E31800DE47F1 /* Tutorial_24 */,
				8415A0D21B17E31800DE47F1 /* Tutorial_24Tests */,
			);
		};
/* End PBXProject section */

/* Begin PBXResourcesBuildPhase section */
		8415A0B81B17E31800DE47F1 /* Resources */ = {
			isa = PBXResourcesBuildPhase;
			buildActionMask = 2147483647;
			files = (
				8415A0C91B17E31800DE47F1 /* Main.storyboard in Resources */,
				8415A0CE1B17E31800DE47F1 /* LaunchScreen.xib in Resources */,
				8415A0CB1B17E31800DE47F1 /* Images.xcassets in Resources */,
			);
			runOnlyForDeploymentPostprocessing = 0;
		};
		8415A0D11B17E31800DE47F1 /* Resources */ = {
			isa = PBXResourcesBuildPhase;
			buildActionMask = 2147483647;
			files = (
			);
			runOnlyForDeploymentPostprocessing = 0;
		};
/* End PBXResourcesBuildPhase section */

/* Begin PBXSourcesBuildPhase section */
		8415A0B61B17E31800DE47F1 /* Sources */ = {
			isa = PBXSourcesBuildPhase;
			buildActionMask = 2147483647;
			files = (
				8415A0C61B17E31800DE47F1 /* ViewController.m in Sources */,
				8415A0C31B17E31800DE47F1 /* AppDelegate.m in Sources */,
				8415A0C01B17E31800DE47F1 /* main.m in Sources */,
			);
			runOnlyForDeploymentPostprocessing = 0;
		};
		8415A0CF1B17E31800DE47F1 /* Sources */ = {
			isa = PBXSourcesBuildPhase;
			buildActionMask = 2147483647;
			files = (
				8415A0DA1B17E31800DE47F1 /* Tutorial_24Tests.m in Sources */,
			);
			runOnlyForDeploymentPostprocessing = 0;
		};
/* End PBXSourcesBuildPhase section */

/* Begin PBXTargetDependency section */
		8415A0D51B17E31800DE47F1 /* PBXTargetDependency */ = {
			isa = PBXTargetDependency;
			target = 8415A0B91B17E31800DE47F1 /* Tutorial_24 */;
			targetProxy = 8415A0D41B17E31800DE47F1 /* PBXContainerItemProxy */;
		};
/* End PBXTargetDependency section */

/* Begin PBXVariantGroup section */
		8415A0C71B17E31800DE47F1 /* Main.storyboard */ = {
			isa = PBXVariantGroup;
			children = (
				8415A0C81B17E31800DE47F1 /* Base */,
			);
			name = Main.storyboard;
			sourceTree = "<group>";
		};
		8415A0CC1B17E31800DE47F1 /* LaunchScreen.xib */ = {
			isa = PBXVariantGroup;
			children = (
				8415A0CD1B17E31800DE47F1 /* Base */,
			);
			name = LaunchScreen.xib;
			sourceTree = "<group>";
		};
/* End PBXVariantGroup section */

/* Begin XCBuildConfiguration section */
		8415A0DB1B17E31800DE47F1 /* Debug */ = {
			isa = XCBuildConfiguration;
			buildSettings = {
				ALWAYS_SEARCH_USER_PATHS = NO;
				CLANG_CXX_LANGUAGE_STANDARD = "gnu++0x";
				CLANG_CXX_LIBRARY = "libc++";
				CLANG_ENABLE_MODULES = YES;
				CLANG_ENABLE_OBJC_ARC = YES;
				CLANG_WARN_BOOL_CONVERSION = YES;
				CLANG_WARN_CONSTANT_CONVERSION = YES;
				CLANG_WARN_DIRECT_OBJC_ISA_USAGE = YES_ERROR;
				CLANG_WARN_EMPTY_BODY = YES;
				CLANG_WARN_ENUM_CONVERSION = YES;
				CLANG_WARN_INT_CONVERSION = YES;
				CLANG_WARN_OBJC_ROOT_CLASS = YES_ERROR;
				CLANG_WARN_UNREACHABLE_CODE = YES;
				CLANG_WARN__DUPLICATE_METHOD_MATCH = YES;
				"CODE_SIGN_IDENTITY[sdk=iphoneos*]" = "iPhone Developer";
				COPY_PHASE_STRIP = NO;
				DEBUG_INFORMATION_FORMAT = "dwarf-with-dsym";
				ENABLE_STRICT_OBJC_MSGSEND = YES;
				GCC_C_LANGUAGE_STANDARD = gnu99;
				GCC_DYNAMIC_NO_PIC = NO;
				GCC_NO_COMMON_BLOCKS = YES;
				GCC_OPTIMIZATION_LEVEL = 0;
				GCC_PREPROCESSOR_DEFINITIONS = (
					"DEBUG=1",
					"$(inherited)",
				);
				GCC_SYMBOLS_PRIVATE_EXTERN = NO;
				GCC_WARN_64_TO_32_BIT_CONVERSION = YES;
				GCC_WARN_ABOUT_RETURN_TYPE = YES_ERROR;
				GCC_WARN_UNDECLARED_SELECTOR = YES;
				GCC_WARN_UNINITIALIZED_AUTOS = YES_AGGRESSIVE;
				GCC_WARN_UNUSED_FUNCTION = YES;
				GCC_WARN_UNUSED_VARIABLE = YES;
				IPHONEOS_DEPLOYMENT_TARGET = 8.3;
				MTL_ENABLE_DEBUG_INFO = YES;
				ONLY_ACTIVE_ARCH = YES;
				SDKROOT = iphoneos;
			};
			name = Debug;
		};
		8415A0DC1B17E31800DE47F1 /* Release */ = {
			isa = XCBuildConfiguration;
			buildSettings = {
				ALWAYS_SEARCH_USER_PATHS = NO;
				CLANG_CXX_LANGUAGE_STANDARD = "gnu++0x";
				CLANG_CXX_LIBRARY = "libc++";
				CLANG_ENABLE_MODULES = YES;
				CLANG_ENABLE_OBJC_ARC = YES;
				CLANG_WARN_BOOL_CONVERSION = YES;
				CLANG_WARN_CONSTANT_CONVERSION = YES;
				CLANG_WARN_DIRECT_OBJC_ISA_USAGE = YES_ERROR;
				CLANG_WARN_EMPTY_BODY = YES;
				CLANG_WARN_ENUM_CONVERSION = YES;
				CLANG_WARN_INT_CONVERSION = YES;
				CLANG_WARN_OBJC_ROOT_CLASS = YES_ERROR;
				CLANG_WARN_UNREACHABLE_CODE = YES;
				CLANG_WARN__DUPLICATE_METHOD_MATCH = YES;
				"CODE_SIGN_IDENTITY[sdk=iphoneos*]" = "iPhone Developer";
				COPY_PHASE_STRIP = NO;
				DEBUG_INFORMATION_FORMAT = "dwarf-with-dsym";
				ENABLE_NS_ASSERTIONS = NO;
				ENABLE_STRICT_OBJC_MSGSEND = YES;
				GCC_C_LANGUAGE_STANDARD = gnu99;
				GCC_NO_COMMON_BLOCKS = YES;
				GCC_WARN_64_TO_32_BIT_CONVERSION = YES;
				GCC_WARN_ABOUT_RETURN_TYPE = YES_ERROR;
				GCC_WARN_UNDECLARED_SELECTOR = YES;
				GCC_WARN_UNINITIALIZED_AUTOS = YES_AGGRESSIVE;
				GCC_WARN_UNUSED_FUNCTION = YES;
				GCC_WARN_UNUSED_VARIABLE = YES;
				IPHONEOS_DEPLOYMENT_TARGET = 8.3;
				MTL_ENABLE_DEBUG_INFO = NO;
				SDKROOT = iphoneos;
				VALIDATE_PRODUCT = YES;
			};
			name = Release;
		};
		8415A0DE1B17E31800DE47F1 /* Debug */ = {
			isa = XCBuildConfiguration;
			buildSettings = {
				ASSETCATALOG_COMPILER_APPICON_NAME = AppIcon;
				INFOPLIST_FILE = Tutorial_24/Info.plist;
				LD_RUNPATH_SEARCH_PATHS = "$(inherited) @executable_path/Frameworks";
				PRODUCT_NAME = "$(TARGET_NAME)";
			};
			name = Debug;
		};
		8415A0DF1B17E31800DE47F1 /* Release */ = {
			isa = XCBuildConfiguration;
			buildSettings = {
				ASSETCATALOG_COMPILER_APPICON_NAME = AppIcon;
				INFOPLIST_FILE = Tutorial_24/Info.plist;
				LD_RUNPATH_SEARCH_PATHS = "$(inherited) @executable_path/Frameworks";
				PRODUCT_NAME = "$(TARGET_NAME)";
			};
			name = Release;
		};
		8415A0E11B17E31800DE47F1 /* Debug */ = {
			isa = XCBuildConfiguration;
			buildSettings = {
				BUNDLE_LOADER = "$(TEST_HOST)";
				FRAMEWORK_SEARCH_PATHS = (
					"$(SDKROOT)/Developer/Library/Frameworks",
					"$(inherited)",
				);
				GCC_PREPROCESSOR_DEFINITIONS = (
					"DEBUG=1",
					"$(inherited)",
				);
				INFOPLIST_FILE = Tutorial_24Tests/Info.plist;
				LD_RUNPATH_SEARCH_PATHS = "$(inherited) @executable_path/Frameworks @loader_path/Frameworks";
				PRODUCT_NAME = "$(TARGET_NAME)";
				TEST_HOST = "$(BUILT_PRODUCTS_DIR)/Tutorial_24.app/Tutorial_24";
			};
			name = Debug;
		};
		8415A0E21B17E31800DE47F1 /* Release */ = {
			isa = XCBuildConfiguration;
			buildSettings = {
				BUNDLE_LOADER = "$(TEST_HOST)";
				FRAMEWORK_SEARCH_PATHS = (
					"$(SDKROOT)/Developer/Library/Frameworks",
					"$(inherited)",
				);
				INFOPLIST_FILE = Tutorial_24Tests/Info.plist;
				LD_RUNPATH_SEARCH_PATHS = "$(inherited) @executable_path/Frameworks @loader_path/Frameworks";
				PRODUCT_NAME = "$(TARGET_NAME)";
				TEST_HOST = "$(BUILT_PRODUCTS_DIR)/Tutorial_24.app/Tutorial_24";
			};
			name = Release;
		};
/* End XCBuildConfiguration section */

/* Begin XCConfigurationList section */
		8415A0B51B17E31800DE47F1 /* Build configuration list for PBXProject "Tutorial_24" */ = {
			isa = XCConfigurationList;
			buildConfigurations = (
				8415A0DB1B17E31800DE47F1 /* Debug */,
				8415A0DC1B17E31800DE47F1 /* Release */,
			);
			defaultConfigurationIsVisible = 0;
			defaultConfigurationName = Release;
		};
		8415A0DD1B17E31800DE47F1 /* Build configuration list for PBXNativeTarget "Tutorial_24" */ = {
			isa = XCConfigurationList;
			buildConfigurations = (
				8415A0DE1B17E31800DE47F1 /* Debug */,
				8415A0DF1B17E31800DE47F1 /* Release */,
			);
			defaultConfigurationIsVisible = 0;
		};
		8415A0E01B17E31800DE47F1 /* Build configuration list for PBXNativeTarget "Tutorial_24Tests" */ = {
			isa = XCConfigurationList;
			buildConfigurations = (
				8415A0E11B17E31800DE47F1 /* Debug */,
				8415A0E21B17E31800DE47F1 /* Release */,
			);
			defaultConfigurationIsVisible = 0;
		};
/* End XCConfigurationList section */
	};
	rootObject = 8415A0B21B17E31800DE47F1 /* Project object */;
}
